
Microsoft Visual Studio Solution File, Format Version 12.00
# Visual Studio 15
VisualStudioVersion = 15.0.28307.539
MinimumVisualStudioVersion = 10.0.40219.1
Project("{FAE04EC0-301F-11D3-BF4B-00C04F79EFBC}") = "Tetris by MX", "Tetris by MX\Tetris by MX.csproj", "{B162C9D3-F5F2-449A-9241-67E4E06BA2F5}"
EndProject
Global
	GlobalSection(SolutionConfigurationPlatforms) = preSolution
		Debug|Any CPU = Debug|Any CPU
		Release|Any CPU = Release|Any CPU
	EndGlobalSection
	GlobalSection(ProjectConfigurationPlatforms) = postSolution
		{B162C9D3-F5F2-449A-9241-67E4E06BA2F5}.Debug|Any CPU.ActiveCfg = Debug|Any CPU
		{B162C9D3-F5F2-449A-9241-67E4E06BA2F5}.Debug|Any CPU.Build.0 = Debug|Any CPU
		{B162C9D3-F5F2-449A-9241-67E4E06BA2F5}.Release|Any CPU.ActiveCfg = Release|Any CPU
		{B162C9D3-F5F2-449A-9241-67E4E06BA2F5}.Release|Any CPU.Build.0 = Release|Any CPU
	EndGlobalSection
	GlobalSection(SolutionProperties) = preSolution
		HideSolutionNode = FALSE
	EndGlobalSection
	GlobalSection(ExtensibilityGlobals) = postSolution
		SolutionGuid = {2AC4EE2D-393B-4FF8-920B-EFC80F1B4E17}
	EndGlobalSection
EndGlobal
